<?xml version="1.0" encoding="utf-8"?>
<Project ToolsVersion="4.0" xmlns="http://schemas.microsoft.com/developer/msbuild/2003">
  <ItemGroup>
    <Filter Include="Source Files">
      <UniqueIdentifier>{4FC737F1-C7A5-4376-A066-2A32D752A2FF}</UniqueIdentifier>
      <Extensions>cpp;c;cc;cxx;def;odl;idl;hpj;bat;asm;asmx</Extensions>
    </Filter>
    <Filter Include="Header Files">
      <UniqueIdentifier>{93995380-89BD-4b04-88EB-625FBE52EBFB}</UniqueIdentifier>
      <Extensions>h;hpp;hxx;hm;inl;inc;xsd</Extensions>
    </Filter>
    <Filter Include="Source Files\Internals">
      <UniqueIdentifier>{a47edfbd-1637-4c3c-8522-596e7195fdc9}</UniqueIdentifier>
    </Filter>
    <Filter Include="Source Files\Internals\MySQL">
      <UniqueIdentifier>{404848be-5e90-4dca-badb-cb51c9d7c22c}</UniqueIdentifier>
    </Filter>
    <Filter Include="Source Files\Internals\SQLite3">
      <UniqueIdentifier>{38cf85a0-47d0-4ff9-ac97-51e488bbfa54}</UniqueIdentifier>
    </Filter>
    <Filter Include="Source Files\Internals\MySQL\mysql">
      <UniqueIdentifier>{e3542ae5-4f4f-4a9f-a1ed-64a59db5d2e9}</UniqueIdentifier>
    </Filter>
  </ItemGroup>
  <ItemGroup>
    <ClInclude Include="Include\Database\BaseConnector.h">
      <Filter>Header Files</Filter>
    </ClInclude>
    <ClInclude Include="Include\Database\MySqlConnector.h">
      <Filter>Header Files</Filter>
    </ClInclude>
    <ClInclude Include="Source\Database\Internals\SQLite3\config.h">
      <Filter>Source Files\Internals\SQLite3</Filter>
    </ClInclude>
    <ClInclude Include="Source\Database\Internals\SQLite3\sqlite3.h">
      <Filter>Source Files\Internals\SQLite3</Filter>
    </ClInclude>
    <ClInclude Include="Source\Database\Internals\SQLite3\sqlite3ext.h">
      <Filter>Source Files\Internals\SQLite3</Filter>
    </ClInclude>
    <ClInclude Include="Source\Database\Internals\MySQL\errmsg.h">
      <Filter>Source Files\Internals\MySQL</Filter>
    </ClInclude>
    <ClInclude Include="Source\Database\Internals\MySQL\ma_io.h">
      <Filter>Source Files\Internals\MySQL</Filter>
    </ClInclude>
    <ClInclude Include="Source\Database\Internals\MySQL\ma_list.h">
      <Filter>Source Files\Internals\MySQL</Filter>
    </ClInclude>
    <ClInclude Include="Source\Database\Internals\MySQL\ma_pvio.h">
      <Filter>Source Files\Internals\MySQL</Filter>
    </ClInclude>
    <ClInclude Include="Source\Database\Internals\MySQL\ma_tls.h">
      <Filter>Source Files\Internals\MySQL</Filter>
    </ClInclude>
    <ClInclude Include="Source\Database\Internals\MySQL\mariadb_com.h">
      <Filter>Source Files\Internals\MySQL</Filter>
    </ClInclude>
    <ClInclude Include="Source\Database\Internals\MySQL\mariadb_ctype.h">
      <Filter>Source Files\Internals\MySQL</Filter>
    </ClInclude>
    <ClInclude Include="Source\Database\Internals\MySQL\mariadb_dyncol.h">
      <Filter>Source Files\Internals\MySQL</Filter>
    </ClInclude>
    <ClInclude Include="Source\Database\Internals\MySQL\mariadb_rpl.h">
      <Filter>Source Files\Internals\MySQL</Filter>
    </ClInclude>
    <ClInclude Include="Source\Database\Internals\MySQL\mariadb_stmt.h">
      <Filter>Source Files\Internals\MySQL</Filter>
    </ClInclude>
    <ClInclude Include="Source\Database\Internals\MySQL\mariadb_version.h">
      <Filter>Source Files\Internals\MySQL</Filter>
    </ClInclude>
    <ClInclude Include="Source\Database\Internals\MySQL\mysql.h">
      <Filter>Source Files\Internals\MySQL</Filter>
    </ClInclude>
    <ClInclude Include="Source\Database\Internals\MySQL\mysqld_error.h">
      <Filter>Source Files\Internals\MySQL</Filter>
    </ClInclude>
    <ClInclude Include="Source\Database\Internals\MySQL\mysql\client_plugin.h">
      <Filter>Source Files\Internals\MySQL\mysql</Filter>
    </ClInclude>
    <ClInclude Include="Source\Database\Internals\MySQL\mysql\plugin_auth.h">
      <Filter>Source Files\Internals\MySQL\mysql</Filter>
    </ClInclude>
    <ClInclude Include="Source\Database\Internals\MySQL\mysql\plugin_auth_common.h">
      <Filter>Source Files\Internals\MySQL\mysql</Filter>
    </ClInclude>
    <ClInclude Include="Include\Database\Sqlite3Connector.h">
      <Filter>Header Files</Filter>
    </ClInclude>
  </ItemGroup>
  <ItemGroup>
    <ClCompile Include="Source\Database\BaseConnector.cpp">
      <Filter>Source Files</Filter>
    </ClCompile>
    <ClCompile Include="Source\Database\Field.cpp">
      <Filter>Source Files</Filter>
    </ClCompile>
    <ClCompile Include="Source\Database\Internals\SQLite3\sqlite3.c">
      <Filter>Source Files\Internals\SQLite3</Filter>
    </ClCompile>
    <ClCompile Include="Source\Database\MySqlConnector.cpp">
      <Filter>Source Files</Filter>
    </ClCompile>
    <ClCompile Include="Source\Database\Sqlite3Connector.cpp">
      <Filter>Source Files</Filter>
    </ClCompile>
  </ItemGroup>
</Project>