<?xml version="1.0" encoding="utf-8"?>
<Project ToolsVersion="4.0" xmlns="http://schemas.microsoft.com/developer/msbuild/2003">
  <ItemGroup>
    <Filter Include="Source Files">
      <UniqueIdentifier>{4FC737F1-C7A5-4376-A066-2A32D752A2FF}</UniqueIdentifier>
      <Extensions>cpp;c;cc;cxx;def;odl;idl;hpj;bat;asm;asmx</Extensions>
    </Filter>
    <Filter Include="Header Files">
      <UniqueIdentifier>{93995380-89BD-4b04-88EB-625FBE52EBFB}</UniqueIdentifier>
      <Extensions>h;hpp;hxx;hm;inl;inc;xsd</Extensions>
    </Filter>
    <Filter Include="Source Files\DukTape">
      <UniqueIdentifier>{8f2df32f-a6ef-49a2-8d48-1ef72156f0a0}</UniqueIdentifier>
    </Filter>
    <Filter Include="Header Files\Plugins">
      <UniqueIdentifier>{aedf6258-5dce-4792-9f38-d355f52a7f9f}</UniqueIdentifier>
    </Filter>
    <Filter Include="Source Files\Plugins">
      <UniqueIdentifier>{98c49818-e9ed-4c06-a1c4-64ce85e70077}</UniqueIdentifier>
    </Filter>
    <Filter Include="Source Files\DukTape\Extras">
      <UniqueIdentifier>{618e6ed2-588d-4914-b918-77f8eda4e078}</UniqueIdentifier>
    </Filter>
  </ItemGroup>
  <ItemGroup>
    <ClCompile Include="Source\JsLib\JavascriptVM.cpp">
      <Filter>Source Files</Filter>
    </ClCompile>
    <ClCompile Include="Source\JsLib\JavascriptVMJsObjectBase.cpp">
      <Filter>Source Files</Filter>
    </ClCompile>
    <ClCompile Include="Source\JsLib\JavascriptVMProxyCallbacks.cpp">
      <Filter>Source Files</Filter>
    </ClCompile>
    <ClCompile Include="Source\JsLib\JavascriptVMRequireModuleContext.cpp">
      <Filter>Source Files</Filter>
    </ClCompile>
    <ClCompile Include="Source\JsLib\JavascriptVMCommon.cpp">
      <Filter>Source Files</Filter>
    </ClCompile>
    <ClCompile Include="Source\JsLib\Plugins\JsMySqlPlugin.cpp">
      <Filter>Source Files\Plugins</Filter>
    </ClCompile>
    <ClCompile Include="Source\JsLib\Plugins\JsMySqlPluginApi.cpp">
      <Filter>Source Files\Plugins</Filter>
    </ClCompile>
    <ClCompile Include="Source\JsLib\Plugins\JsMySqlPluginFieldInfo.cpp">
      <Filter>Source Files\Plugins</Filter>
    </ClCompile>
    <ClCompile Include="Source\JsLib\Plugins\JsMySqlPluginHelpers.cpp">
      <Filter>Source Files\Plugins</Filter>
    </ClCompile>
    <ClCompile Include="Source\JsLib\DukTape\Source\dist\duktape.c">
      <Filter>Source Files\DukTape</Filter>
    </ClCompile>
    <ClCompile Include="Source\JsLib\DukTape\Source\extras\module-duktape\duk_module_duktape.c">
      <Filter>Source Files\DukTape\Extras</Filter>
    </ClCompile>
  </ItemGroup>
  <ItemGroup>
    <ClInclude Include="Include\JsLib\JavascriptVM.h">
      <Filter>Header Files</Filter>
    </ClInclude>
    <ClInclude Include="Source\JsLib\JavascriptVMCommon.h">
      <Filter>Source Files</Filter>
    </ClInclude>
    <ClInclude Include="Source\JsLib\Plugins\JsMySqlPluginCommon.h">
      <Filter>Source Files\Plugins</Filter>
    </ClInclude>
    <ClInclude Include="Include\JsLib\Plugins\JsMySqlPlugin.h">
      <Filter>Header Files\Plugins</Filter>
    </ClInclude>
    <ClInclude Include="Include\JsLib\DukTape\duk_custom.h">
      <Filter>Header Files</Filter>
    </ClInclude>
    <ClInclude Include="Source\JsLib\DukTape\Source\dist\duk_config.h">
      <Filter>Source Files\DukTape</Filter>
    </ClInclude>
    <ClInclude Include="Source\JsLib\DukTape\Source\dist\duktape.h">
      <Filter>Source Files\DukTape</Filter>
    </ClInclude>
    <ClInclude Include="Source\JsLib\DukTape\Source\extras\module-duktape\duk_module_duktape.h">
      <Filter>Source Files\DukTape\Extras</Filter>
    </ClInclude>
  </ItemGroup>
  <ItemGroup>
    <Text Include="Source\JsLib\DukTape\Source\LICENSE.txt">
      <Filter>Source Files\DukTape</Filter>
    </Text>
  </ItemGroup>
</Project>