<?xml version="1.0" encoding="utf-8"?>
<Project ToolsVersion="4.0" xmlns="http://schemas.microsoft.com/developer/msbuild/2003">
  <ItemGroup>
    <Filter Include="Source Files">
      <UniqueIdentifier>{4FC737F1-C7A5-4376-A066-2A32D752A2FF}</UniqueIdentifier>
      <Extensions>cpp;c;cc;cxx;def;odl;idl;hpj;bat;asm;asmx</Extensions>
    </Filter>
    <Filter Include="Header Files">
      <UniqueIdentifier>{93995380-89BD-4b04-88EB-625FBE52EBFB}</UniqueIdentifier>
      <Extensions>h;hpp;hxx;hm;inl;inc;xsd</Extensions>
    </Filter>
    <Filter Include="Source Files\DateTime">
      <UniqueIdentifier>{d74c0ec6-2451-4006-9daa-d5d89b7467a7}</UniqueIdentifier>
    </Filter>
    <Filter Include="Source Files\Strings">
      <UniqueIdentifier>{91736112-0c13-42b9-9cf0-c18dbcc36edb}</UniqueIdentifier>
    </Filter>
    <Filter Include="Header Files\DateTime">
      <UniqueIdentifier>{0ad18ebf-fb27-4ea6-bc3a-a76713e9b593}</UniqueIdentifier>
    </Filter>
    <Filter Include="Header Files\Strings">
      <UniqueIdentifier>{8399c368-2fd0-462b-8309-f88323ef5371}</UniqueIdentifier>
    </Filter>
    <Filter Include="Header Files\Streams">
      <UniqueIdentifier>{eeb1fe04-e0d2-4091-a73c-0022e5fc67a8}</UniqueIdentifier>
    </Filter>
    <Filter Include="Source Files\Streams">
      <UniqueIdentifier>{96ec0237-5d9c-42bb-bd63-71a4831c641b}</UniqueIdentifier>
    </Filter>
    <Filter Include="Native Visualizations">
      <UniqueIdentifier>{3bc48389-2576-4cfb-939f-642a6c86d301}</UniqueIdentifier>
    </Filter>
    <Filter Include="Source Files\Internals">
      <UniqueIdentifier>{0b731336-3f5c-4e71-8db6-e5ef95042945}</UniqueIdentifier>
    </Filter>
  </ItemGroup>
  <ItemGroup>
    <ClInclude Include="Include\DateTime\DateTime.h">
      <Filter>Header Files\DateTime</Filter>
    </ClInclude>
    <ClInclude Include="Include\Strings\Strings.h">
      <Filter>Header Files\Strings</Filter>
    </ClInclude>
    <ClInclude Include="Include\Strings\Utf8.h">
      <Filter>Header Files\Strings</Filter>
    </ClInclude>
    <ClInclude Include="Include\ArrayList.h">
      <Filter>Header Files</Filter>
    </ClInclude>
    <ClInclude Include="Include\AutoHandle.h">
      <Filter>Header Files</Filter>
    </ClInclude>
    <ClInclude Include="Include\AutoPtr.h">
      <Filter>Header Files</Filter>
    </ClInclude>
    <ClInclude Include="Include\CircularBuffer.h">
      <Filter>Header Files</Filter>
    </ClInclude>
    <ClInclude Include="Include\Debug.h">
      <Filter>Header Files</Filter>
    </ClInclude>
    <ClInclude Include="Include\Defines.h">
      <Filter>Header Files</Filter>
    </ClInclude>
    <ClInclude Include="Include\FnvHash.h">
      <Filter>Header Files</Filter>
    </ClInclude>
    <ClInclude Include="Include\IOCompletionPort.h">
      <Filter>Header Files</Filter>
    </ClInclude>
    <ClInclude Include="Include\LinkedList.h">
      <Filter>Header Files</Filter>
    </ClInclude>
    <ClInclude Include="Include\MallocMacros.h">
      <Filter>Header Files</Filter>
    </ClInclude>
    <ClInclude Include="Include\MemoryObjects.h">
      <Filter>Header Files</Filter>
    </ClInclude>
    <ClInclude Include="Include\NtDefs.h">
      <Filter>Header Files</Filter>
    </ClInclude>
    <ClInclude Include="Include\RefCounted.h">
      <Filter>Header Files</Filter>
    </ClInclude>
    <ClInclude Include="Include\Threads.h">
      <Filter>Header Files</Filter>
    </ClInclude>
    <ClInclude Include="Include\WaitableObjects.h">
      <Filter>Header Files</Filter>
    </ClInclude>
    <ClInclude Include="Include\RedBlackTree.h">
      <Filter>Header Files</Filter>
    </ClInclude>
    <ClInclude Include="Include\Callbacks.h">
      <Filter>Header Files</Filter>
    </ClInclude>
    <ClInclude Include="Include\Finalizer.h">
      <Filter>Header Files</Filter>
    </ClInclude>
    <ClInclude Include="Include\PropertyBag.h">
      <Filter>Header Files</Filter>
    </ClInclude>
    <ClInclude Include="Include\FileStream.h">
      <Filter>Header Files\Streams</Filter>
    </ClInclude>
    <ClInclude Include="Include\Streams.h">
      <Filter>Header Files\Streams</Filter>
    </ClInclude>
    <ClInclude Include="Include\MemoryStream.h">
      <Filter>Header Files\Streams</Filter>
    </ClInclude>
    <ClInclude Include="Include\Loggable.h">
      <Filter>Header Files</Filter>
    </ClInclude>
    <ClInclude Include="Include\TimedEvent.h">
      <Filter>Header Files</Filter>
    </ClInclude>
    <ClInclude Include="Include\AtomicOps.h">
      <Filter>Header Files</Filter>
    </ClInclude>
    <ClInclude Include="Include\StackTrace.h">
      <Filter>Header Files</Filter>
    </ClInclude>
    <ClInclude Include="Include\Timer.h">
      <Filter>Header Files</Filter>
    </ClInclude>
    <ClInclude Include="Source\Internals\SystemDll.h">
      <Filter>Source Files\Internals</Filter>
    </ClInclude>
  </ItemGroup>
  <ItemGroup>
    <ClCompile Include="Source\DateTime\DateTime.cpp">
      <Filter>Source Files\DateTime</Filter>
    </ClCompile>
    <ClCompile Include="Source\DateTime\TimeSpan.cpp">
      <Filter>Source Files\DateTime</Filter>
    </ClCompile>
    <ClCompile Include="Source\Strings\Strings.cpp">
      <Filter>Source Files\Strings</Filter>
    </ClCompile>
    <ClCompile Include="Source\Strings\Utf8.cpp">
      <Filter>Source Files\Strings</Filter>
    </ClCompile>
    <ClCompile Include="Source\CircularBuffer.cpp">
      <Filter>Source Files</Filter>
    </ClCompile>
    <ClCompile Include="Source\Debug.cpp">
      <Filter>Source Files</Filter>
    </ClCompile>
    <ClCompile Include="Source\FnvHash.cpp">
      <Filter>Source Files</Filter>
    </ClCompile>
    <ClCompile Include="Source\IOCompletionPort.cpp">
      <Filter>Source Files</Filter>
    </ClCompile>
    <ClCompile Include="Source\MemoryObjects.cpp">
      <Filter>Source Files</Filter>
    </ClCompile>
    <ClCompile Include="Source\NtDefs.cpp">
      <Filter>Source Files</Filter>
    </ClCompile>
    <ClCompile Include="Source\Threads.cpp">
      <Filter>Source Files</Filter>
    </ClCompile>
    <ClCompile Include="Source\WaitableObjects.cpp">
      <Filter>Source Files</Filter>
    </ClCompile>
    <ClCompile Include="Source\Finalizer.cpp">
      <Filter>Source Files</Filter>
    </ClCompile>
    <ClCompile Include="Source\PropertyBag.cpp">
      <Filter>Source Files</Filter>
    </ClCompile>
    <ClCompile Include="Source\FileStream.cpp">
      <Filter>Source Files\Streams</Filter>
    </ClCompile>
    <ClCompile Include="Source\Streams.cpp">
      <Filter>Source Files\Streams</Filter>
    </ClCompile>
    <ClCompile Include="Source\MemoryStream.cpp">
      <Filter>Source Files\Streams</Filter>
    </ClCompile>
    <ClCompile Include="Source\Loggable.cpp">
      <Filter>Source Files</Filter>
    </ClCompile>
    <ClCompile Include="Source\TimedEvent.cpp">
      <Filter>Source Files</Filter>
    </ClCompile>
    <ClCompile Include="Source\StackTrace.cpp">
      <Filter>Source Files</Filter>
    </ClCompile>
    <ClCompile Include="Source\Timer.cpp">
      <Filter>Source Files</Filter>
    </ClCompile>
    <ClCompile Include="Source\Internals\SystemDll.cpp">
      <Filter>Source Files\Internals</Filter>
    </ClCompile>
  </ItemGroup>
  <ItemGroup>
    <CustomBuild Include="Source\NtApis_x64.asm">
      <Filter>Source Files</Filter>
    </CustomBuild>
    <CustomBuild Include="Source\NtApis_x86.asm">
      <Filter>Source Files</Filter>
    </CustomBuild>
    <CustomBuild Include="Source\TryMemCopy_x86.asm">
      <Filter>Source Files</Filter>
    </CustomBuild>
    <CustomBuild Include="Source\TryMemCopy_x64.asm">
      <Filter>Source Files</Filter>
    </CustomBuild>
  </ItemGroup>
  <ItemGroup>
    <None Include="LICENSE.COMMERCIAL" />
  </ItemGroup>
  <ItemGroup>
    <Natvis Include="NativeVis\CString.natvis">
      <Filter>Native Visualizations</Filter>
    </Natvis>
  </ItemGroup>
</Project>