<?xml version="1.0" encoding="utf-8"?>
<Project ToolsVersion="4.0" xmlns="http://schemas.microsoft.com/developer/msbuild/2003">
  <ItemGroup>
    <Filter Include="Source Files">
      <UniqueIdentifier>{4FC737F1-C7A5-4376-A066-2A32D752A2FF}</UniqueIdentifier>
      <Extensions>cpp;c;cc;cxx;def;odl;idl;hpj;bat;asm;asmx</Extensions>
    </Filter>
    <Filter Include="Header Files">
      <UniqueIdentifier>{93995380-89BD-4b04-88EB-625FBE52EBFB}</UniqueIdentifier>
      <Extensions>h;hpp;hxx;hm;inl;inc;xsd</Extensions>
    </Filter>
  </ItemGroup>
  <ItemGroup>
    <ClCompile Include="Source\ZipLib\Source\adler32.c">
      <Filter>Source Files</Filter>
    </ClCompile>
    <ClCompile Include="Source\ZipLib\Source\compress.c">
      <Filter>Source Files</Filter>
    </ClCompile>
    <ClCompile Include="Source\ZipLib\Source\crc32.c">
      <Filter>Source Files</Filter>
    </ClCompile>
    <ClCompile Include="Source\ZipLib\Source\deflate.c">
      <Filter>Source Files</Filter>
    </ClCompile>
    <ClCompile Include="Source\ZipLib\Source\inffast.c">
      <Filter>Source Files</Filter>
    </ClCompile>
    <ClCompile Include="Source\ZipLib\Source\inflate.c">
      <Filter>Source Files</Filter>
    </ClCompile>
    <ClCompile Include="Source\ZipLib\Source\inftrees.c">
      <Filter>Source Files</Filter>
    </ClCompile>
    <ClCompile Include="Source\ZipLib\Source\trees.c">
      <Filter>Source Files</Filter>
    </ClCompile>
    <ClCompile Include="Source\ZipLib\Source\uncompr.c">
      <Filter>Source Files</Filter>
    </ClCompile>
    <ClCompile Include="Source\ZipLib\ZipLib.cpp">
      <Filter>Source Files</Filter>
    </ClCompile>
    <ClCompile Include="Source\ZipLib\Source\zutil.c">
      <Filter>Source Files</Filter>
    </ClCompile>
  </ItemGroup>
  <ItemGroup>
    <None Include="Source\ZipLib\Source\ChangeLog" />
    <None Include="Source\ZipLib\Source\FAQ" />
    <None Include="Source\ZipLib\Source\README" />
  </ItemGroup>
  <ItemGroup>
    <ClInclude Include="Source\ZipLib\Source\crc32.h">
      <Filter>Header Files</Filter>
    </ClInclude>
    <ClInclude Include="Source\ZipLib\Source\deflate.h">
      <Filter>Header Files</Filter>
    </ClInclude>
    <ClInclude Include="Source\ZipLib\Source\inffast.h">
      <Filter>Header Files</Filter>
    </ClInclude>
    <ClInclude Include="Source\ZipLib\Source\inffixed.h">
      <Filter>Header Files</Filter>
    </ClInclude>
    <ClInclude Include="Source\ZipLib\Source\inflate.h">
      <Filter>Header Files</Filter>
    </ClInclude>
    <ClInclude Include="Source\ZipLib\Source\inftrees.h">
      <Filter>Header Files</Filter>
    </ClInclude>
    <ClInclude Include="Source\ZipLib\Source\trees.h">
      <Filter>Header Files</Filter>
    </ClInclude>
    <ClInclude Include="Source\ZipLib\Source\zconf.h">
      <Filter>Header Files</Filter>
    </ClInclude>
    <ClInclude Include="Include\ZipLib\ZipLib.h">
      <Filter>Header Files</Filter>
    </ClInclude>
    <ClInclude Include="Source\ZipLib\Source\zlib.h">
      <Filter>Header Files</Filter>
    </ClInclude>
    <ClInclude Include="Source\ZipLib\Source\zutil.h">
      <Filter>Header Files</Filter>
    </ClInclude>
  </ItemGroup>
</Project>